
Microsoft Visual Studio Solution File, Format Version 12.00
# Visual Studio 15
VisualStudioVersion = 15.0.27004.2006
MinimumVisualStudioVersion = 10.0.40219.1
Project("{FAE04EC0-301F-11D3-BF4B-00C04F79EFBC}") = "mvcGiris", "mvcGiris\mvcGiris.csproj", "{1303ABA7-3DD7-47BD-9363-7CB6E81353FE}"
EndProject
Project("{FAE04EC0-301F-11D3-BF4B-00C04F79EFBC}") = "Views", "Views\Views.csproj", "{01CB7F97-2670-4F34-8CA5-821BA2851436}"
EndProject
Project("{FAE04EC0-301F-11D3-BF4B-00C04F79EFBC}") = "ControllerToView", "ControllerToView\ControllerToView.csproj", "{11216965-5AD9-4405-826A-CBED11840D69}"
EndProject
Project("{FAE04EC0-301F-11D3-BF4B-00C04F79EFBC}") = "ViewToController", "ViewToController\ViewToController.csproj", "{4E6032FD-70BA-460F-AD34-2CF6F6CA79B1}"
EndProject
Project("{FAE04EC0-301F-11D3-BF4B-00C04F79EFBC}") = "ModelsModelBinding", "ModelsModelBinding\ModelsModelBinding.csproj", "{211A6DDA-098C-4FD7-A327-5483E45F6752}"
EndProject
Global
	GlobalSection(SolutionConfigurationPlatforms) = preSolution
		Debug|Any CPU = Debug|Any CPU
		Release|Any CPU = Release|Any CPU
	EndGlobalSection
	GlobalSection(ProjectConfigurationPlatforms) = postSolution
		{1303ABA7-3DD7-47BD-9363-7CB6E81353FE}.Debug|Any CPU.ActiveCfg = Debug|Any CPU
		{1303ABA7-3DD7-47BD-9363-7CB6E81353FE}.Debug|Any CPU.Build.0 = Debug|Any CPU
		{1303ABA7-3DD7-47BD-9363-7CB6E81353FE}.Release|Any CPU.ActiveCfg = Release|Any CPU
		{1303ABA7-3DD7-47BD-9363-7CB6E81353FE}.Release|Any CPU.Build.0 = Release|Any CPU
		{01CB7F97-2670-4F34-8CA5-821BA2851436}.Debug|Any CPU.ActiveCfg = Debug|Any CPU
		{01CB7F97-2670-4F34-8CA5-821BA2851436}.Debug|Any CPU.Build.0 = Debug|Any CPU
		{01CB7F97-2670-4F34-8CA5-821BA2851436}.Release|Any CPU.ActiveCfg = Release|Any CPU
		{01CB7F97-2670-4F34-8CA5-821BA2851436}.Release|Any CPU.Build.0 = Release|Any CPU
		{11216965-5AD9-4405-826A-CBED11840D69}.Debug|Any CPU.ActiveCfg = Debug|Any CPU
		{11216965-5AD9-4405-826A-CBED11840D69}.Debug|Any CPU.Build.0 = Debug|Any CPU
		{11216965-5AD9-4405-826A-CBED11840D69}.Release|Any CPU.ActiveCfg = Release|Any CPU
		{11216965-5AD9-4405-826A-CBED11840D69}.Release|Any CPU.Build.0 = Release|Any CPU
		{4E6032FD-70BA-460F-AD34-2CF6F6CA79B1}.Debug|Any CPU.ActiveCfg = Debug|Any CPU
		{4E6032FD-70BA-460F-AD34-2CF6F6CA79B1}.Debug|Any CPU.Build.0 = Debug|Any CPU
		{4E6032FD-70BA-460F-AD34-2CF6F6CA79B1}.Release|Any CPU.ActiveCfg = Release|Any CPU
		{4E6032FD-70BA-460F-AD34-2CF6F6CA79B1}.Release|Any CPU.Build.0 = Release|Any CPU
		{211A6DDA-098C-4FD7-A327-5483E45F6752}.Debug|Any CPU.ActiveCfg = Debug|Any CPU
		{211A6DDA-098C-4FD7-A327-5483E45F6752}.Debug|Any CPU.Build.0 = Debug|Any CPU
		{211A6DDA-098C-4FD7-A327-5483E45F6752}.Release|Any CPU.ActiveCfg = Release|Any CPU
		{211A6DDA-098C-4FD7-A327-5483E45F6752}.Release|Any CPU.Build.0 = Release|Any CPU
	EndGlobalSection
	GlobalSection(SolutionProperties) = preSolution
		HideSolutionNode = FALSE
	EndGlobalSection
	GlobalSection(ExtensibilityGlobals) = postSolution
		SolutionGuid = {99DEFE21-A328-42F4-85D8-B62BE1216207}
	EndGlobalSection
EndGlobal
